
Microsoft Visual Studio Solution File, Format Version 12.00
# Visual Studio Version 17
VisualStudioVersion = 17.0.31912.275
MinimumVisualStudioVersion = 10.0.40219.1
Project("{FAE04EC0-301F-11D3-BF4B-00C04F79EFBC}") = "SumOfTwo", "SumOfTwo\SumOfTwo.csproj", "{4AEFF3E6-F546-4253-96EE-6E9E5D4155D6}"
EndProject
Project("{FAE04EC0-301F-11D3-BF4B-00C04F79EFBC}") = "SumOfTwo.Tests", "SumOfTwo.Tests\SumOfTwo.Tests.csproj", "{60D764F0-3C8B-4BD9-A193-82D542993E06}"
EndProject
Global
	GlobalSection(SolutionConfigurationPlatforms) = preSolution
		Debug|Any CPU = Debug|Any CPU
		Release|Any CPU = Release|Any CPU
	EndGlobalSection
	GlobalSection(ProjectConfigurationPlatforms) = postSolution
		{4AEFF3E6-F546-4253-96EE-6E9E5D4155D6}.Debug|Any CPU.ActiveCfg = Debug|Any CPU
		{4AEFF3E6-F546-4253-96EE-6E9E5D4155D6}.Debug|Any CPU.Build.0 = Debug|Any CPU
		{4AEFF3E6-F546-4253-96EE-6E9E5D4155D6}.Release|Any CPU.ActiveCfg = Release|Any CPU
		{4AEFF3E6-F546-4253-96EE-6E9E5D4155D6}.Release|Any CPU.Build.0 = Release|Any CPU
		{60D764F0-3C8B-4BD9-A193-82D542993E06}.Debug|Any CPU.ActiveCfg = Debug|Any CPU
		{60D764F0-3C8B-4BD9-A193-82D542993E06}.Debug|Any CPU.Build.0 = Debug|Any CPU
		{60D764F0-3C8B-4BD9-A193-82D542993E06}.Release|Any CPU.ActiveCfg = Release|Any CPU
		{60D764F0-3C8B-4BD9-A193-82D542993E06}.Release|Any CPU.Build.0 = Release|Any CPU
	EndGlobalSection
	GlobalSection(SolutionProperties) = preSolution
		HideSolutionNode = FALSE
	EndGlobalSection
	GlobalSection(ExtensibilityGlobals) = postSolution
		SolutionGuid = {FFB2E3AC-7B43-4218-AF5B-82E004E8BAE2}
	EndGlobalSection
EndGlobal
