
Microsoft Visual Studio Solution File, Format Version 12.00
# Visual Studio Version 16
VisualStudioVersion = 16.0.28803.202
MinimumVisualStudioVersion = 10.0.40219.1
Project("{FAE04EC0-301F-11D3-BF4B-00C04F79EFBC}") = "WithoutString", "WithoutString\WithoutString.csproj", "{0E9B6885-B2A6-4116-B0CE-35CC30B9CD17}"
EndProject
Project("{FAE04EC0-301F-11D3-BF4B-00C04F79EFBC}") = "WithoutString.Test", "WithoutString.Test\WithoutString.Test.csproj", "{A86F9349-9458-4795-A877-06F93F900474}"
EndProject
Global
	GlobalSection(SolutionConfigurationPlatforms) = preSolution
		Debug|Any CPU = Debug|Any CPU
		Release|Any CPU = Release|Any CPU
	EndGlobalSection
	GlobalSection(ProjectConfigurationPlatforms) = postSolution
		{0E9B6885-B2A6-4116-B0CE-35CC30B9CD17}.Debug|Any CPU.ActiveCfg = Debug|Any CPU
		{0E9B6885-B2A6-4116-B0CE-35CC30B9CD17}.Debug|Any CPU.Build.0 = Debug|Any CPU
		{0E9B6885-B2A6-4116-B0CE-35CC30B9CD17}.Release|Any CPU.ActiveCfg = Release|Any CPU
		{0E9B6885-B2A6-4116-B0CE-35CC30B9CD17}.Release|Any CPU.Build.0 = Release|Any CPU
		{A86F9349-9458-4795-A877-06F93F900474}.Debug|Any CPU.ActiveCfg = Debug|Any CPU
		{A86F9349-9458-4795-A877-06F93F900474}.Debug|Any CPU.Build.0 = Debug|Any CPU
		{A86F9349-9458-4795-A877-06F93F900474}.Release|Any CPU.ActiveCfg = Release|Any CPU
		{A86F9349-9458-4795-A877-06F93F900474}.Release|Any CPU.Build.0 = Release|Any CPU
	EndGlobalSection
	GlobalSection(SolutionProperties) = preSolution
		HideSolutionNode = FALSE
	EndGlobalSection
	GlobalSection(ExtensibilityGlobals) = postSolution
		SolutionGuid = {09E48C8D-DC7A-42BE-8AF7-3F1CC5464EB9}
	EndGlobalSection
EndGlobal
