
Microsoft Visual Studio Solution File, Format Version 12.00
# Visual Studio Version 17
VisualStudioVersion = 17.0.31919.166
MinimumVisualStudioVersion = 10.0.40219.1
Project("{FAE04EC0-301F-11D3-BF4B-00C04F79EFBC}") = "MergeTwoBinaryTrees", "MergeTwoBinaryTrees\MergeTwoBinaryTrees.csproj", "{F9DC95EC-26A5-4B6A-A2D6-F6FE2112DFC5}"
EndProject
Project("{FAE04EC0-301F-11D3-BF4B-00C04F79EFBC}") = "MergeTwoBinaryTrees.Tests", "MergeTwoBinaryTrees.Tests\MergeTwoBinaryTrees.Tests.csproj", "{3288C4E0-DBB8-47A8-BCFB-F6CCAC550F58}"
EndProject
Global
	GlobalSection(SolutionConfigurationPlatforms) = preSolution
		Debug|Any CPU = Debug|Any CPU
		Release|Any CPU = Release|Any CPU
	EndGlobalSection
	GlobalSection(ProjectConfigurationPlatforms) = postSolution
		{F9DC95EC-26A5-4B6A-A2D6-F6FE2112DFC5}.Debug|Any CPU.ActiveCfg = Debug|Any CPU
		{F9DC95EC-26A5-4B6A-A2D6-F6FE2112DFC5}.Debug|Any CPU.Build.0 = Debug|Any CPU
		{F9DC95EC-26A5-4B6A-A2D6-F6FE2112DFC5}.Release|Any CPU.ActiveCfg = Release|Any CPU
		{F9DC95EC-26A5-4B6A-A2D6-F6FE2112DFC5}.Release|Any CPU.Build.0 = Release|Any CPU
		{3288C4E0-DBB8-47A8-BCFB-F6CCAC550F58}.Debug|Any CPU.ActiveCfg = Debug|Any CPU
		{3288C4E0-DBB8-47A8-BCFB-F6CCAC550F58}.Debug|Any CPU.Build.0 = Debug|Any CPU
		{3288C4E0-DBB8-47A8-BCFB-F6CCAC550F58}.Release|Any CPU.ActiveCfg = Release|Any CPU
		{3288C4E0-DBB8-47A8-BCFB-F6CCAC550F58}.Release|Any CPU.Build.0 = Release|Any CPU
	EndGlobalSection
	GlobalSection(SolutionProperties) = preSolution
		HideSolutionNode = FALSE
	EndGlobalSection
	GlobalSection(ExtensibilityGlobals) = postSolution
		SolutionGuid = {21630A5E-A4D7-4656-A12D-D281B0DD2C64}
	EndGlobalSection
EndGlobal
