
Microsoft Visual Studio Solution File, Format Version 12.00
# Visual Studio Version 17
VisualStudioVersion = 17.0.31919.166
MinimumVisualStudioVersion = 10.0.40219.1
Project("{FAE04EC0-301F-11D3-BF4B-00C04F79EFBC}") = "ValidSudoku", "ValidSudoku\ValidSudoku.csproj", "{50414EC2-E8BA-464C-AD2A-7AA0B80FD740}"
EndProject
Project("{FAE04EC0-301F-11D3-BF4B-00C04F79EFBC}") = "ValidSudoku.Tests", "ValidSudoku.Tests\ValidSudoku.Tests.csproj", "{55735F2A-492F-4D46-8768-81867047B172}"
EndProject
Global
	GlobalSection(SolutionConfigurationPlatforms) = preSolution
		Debug|Any CPU = Debug|Any CPU
		Release|Any CPU = Release|Any CPU
	EndGlobalSection
	GlobalSection(ProjectConfigurationPlatforms) = postSolution
		{50414EC2-E8BA-464C-AD2A-7AA0B80FD740}.Debug|Any CPU.ActiveCfg = Debug|Any CPU
		{50414EC2-E8BA-464C-AD2A-7AA0B80FD740}.Debug|Any CPU.Build.0 = Debug|Any CPU
		{50414EC2-E8BA-464C-AD2A-7AA0B80FD740}.Release|Any CPU.ActiveCfg = Release|Any CPU
		{50414EC2-E8BA-464C-AD2A-7AA0B80FD740}.Release|Any CPU.Build.0 = Release|Any CPU
		{55735F2A-492F-4D46-8768-81867047B172}.Debug|Any CPU.ActiveCfg = Debug|Any CPU
		{55735F2A-492F-4D46-8768-81867047B172}.Debug|Any CPU.Build.0 = Debug|Any CPU
		{55735F2A-492F-4D46-8768-81867047B172}.Release|Any CPU.ActiveCfg = Release|Any CPU
		{55735F2A-492F-4D46-8768-81867047B172}.Release|Any CPU.Build.0 = Release|Any CPU
	EndGlobalSection
	GlobalSection(SolutionProperties) = preSolution
		HideSolutionNode = FALSE
	EndGlobalSection
	GlobalSection(ExtensibilityGlobals) = postSolution
		SolutionGuid = {7FA59BB6-0BD0-4B38-AF2A-81F2F7BDE196}
	EndGlobalSection
EndGlobal
