
Microsoft Visual Studio Solution File, Format Version 12.00
# Visual Studio Version 16
VisualStudioVersion = 16.0.28803.202
MinimumVisualStudioVersion = 10.0.40219.1
Project("{FAE04EC0-301F-11D3-BF4B-00C04F79EFBC}") = "CanBalance", "CanBalance\CanBalance.csproj", "{603C3AB2-A4BA-4505-88EC-04914FF20126}"
EndProject
Project("{FAE04EC0-301F-11D3-BF4B-00C04F79EFBC}") = "CanBalance.Test", "CanBalance.Test\CanBalance.Test.csproj", "{1A2CFB4C-760B-4849-A8F4-767251822655}"
EndProject
Global
	GlobalSection(SolutionConfigurationPlatforms) = preSolution
		Debug|Any CPU = Debug|Any CPU
		Release|Any CPU = Release|Any CPU
	EndGlobalSection
	GlobalSection(ProjectConfigurationPlatforms) = postSolution
		{603C3AB2-A4BA-4505-88EC-04914FF20126}.Debug|Any CPU.ActiveCfg = Debug|Any CPU
		{603C3AB2-A4BA-4505-88EC-04914FF20126}.Debug|Any CPU.Build.0 = Debug|Any CPU
		{603C3AB2-A4BA-4505-88EC-04914FF20126}.Release|Any CPU.ActiveCfg = Release|Any CPU
		{603C3AB2-A4BA-4505-88EC-04914FF20126}.Release|Any CPU.Build.0 = Release|Any CPU
		{1A2CFB4C-760B-4849-A8F4-767251822655}.Debug|Any CPU.ActiveCfg = Debug|Any CPU
		{1A2CFB4C-760B-4849-A8F4-767251822655}.Debug|Any CPU.Build.0 = Debug|Any CPU
		{1A2CFB4C-760B-4849-A8F4-767251822655}.Release|Any CPU.ActiveCfg = Release|Any CPU
		{1A2CFB4C-760B-4849-A8F4-767251822655}.Release|Any CPU.Build.0 = Release|Any CPU
	EndGlobalSection
	GlobalSection(SolutionProperties) = preSolution
		HideSolutionNode = FALSE
	EndGlobalSection
	GlobalSection(ExtensibilityGlobals) = postSolution
		SolutionGuid = {1D277CC2-D298-4401-8501-B06801BCDD6F}
	EndGlobalSection
EndGlobal
