
Microsoft Visual Studio Solution File, Format Version 12.00
# Visual Studio Version 17
VisualStudioVersion = 17.0.31912.275
MinimumVisualStudioVersion = 10.0.40219.1
Project("{FAE04EC0-301F-11D3-BF4B-00C04F79EFBC}") = "RemoveDupsLinkedList", "RemoveDupsLinkedList\RemoveDupsLinkedList.csproj", "{29FE46AA-26B7-4A67-A89D-6F991E59639F}"
EndProject
Project("{FAE04EC0-301F-11D3-BF4B-00C04F79EFBC}") = "RemoveDupsLinkedList.Tests", "RemoveDupsLinkedList.Tests\RemoveDupsLinkedList.Tests.csproj", "{A808B910-50F0-4C56-918F-2D56AD9DB2CB}"
EndProject
Global
	GlobalSection(SolutionConfigurationPlatforms) = preSolution
		Debug|Any CPU = Debug|Any CPU
		Release|Any CPU = Release|Any CPU
	EndGlobalSection
	GlobalSection(ProjectConfigurationPlatforms) = postSolution
		{29FE46AA-26B7-4A67-A89D-6F991E59639F}.Debug|Any CPU.ActiveCfg = Debug|Any CPU
		{29FE46AA-26B7-4A67-A89D-6F991E59639F}.Debug|Any CPU.Build.0 = Debug|Any CPU
		{29FE46AA-26B7-4A67-A89D-6F991E59639F}.Release|Any CPU.ActiveCfg = Release|Any CPU
		{29FE46AA-26B7-4A67-A89D-6F991E59639F}.Release|Any CPU.Build.0 = Release|Any CPU
		{A808B910-50F0-4C56-918F-2D56AD9DB2CB}.Debug|Any CPU.ActiveCfg = Debug|Any CPU
		{A808B910-50F0-4C56-918F-2D56AD9DB2CB}.Debug|Any CPU.Build.0 = Debug|Any CPU
		{A808B910-50F0-4C56-918F-2D56AD9DB2CB}.Release|Any CPU.ActiveCfg = Release|Any CPU
		{A808B910-50F0-4C56-918F-2D56AD9DB2CB}.Release|Any CPU.Build.0 = Release|Any CPU
	EndGlobalSection
	GlobalSection(SolutionProperties) = preSolution
		HideSolutionNode = FALSE
	EndGlobalSection
	GlobalSection(ExtensibilityGlobals) = postSolution
		SolutionGuid = {CFBF4684-A467-4D30-AAA7-94AA04325728}
	EndGlobalSection
EndGlobal
