
Microsoft Visual Studio Solution File, Format Version 12.00
# Visual Studio Version 17
VisualStudioVersion = 17.0.31919.166
MinimumVisualStudioVersion = 10.0.40219.1
Project("{FAE04EC0-301F-11D3-BF4B-00C04F79EFBC}") = "DepthFirstSearch", "DepthFirstSearch\DepthFirstSearch.csproj", "{852EDCD0-DFD7-4397-B3E2-53A8E3C1D8AF}"
EndProject
Project("{FAE04EC0-301F-11D3-BF4B-00C04F79EFBC}") = "DepthFirstSearch.Tests", "DepthFirstSearch.Tests\DepthFirstSearch.Tests.csproj", "{98DC9FB0-1D20-473A-B544-EF6A036A04B9}"
EndProject
Global
	GlobalSection(SolutionConfigurationPlatforms) = preSolution
		Debug|Any CPU = Debug|Any CPU
		Release|Any CPU = Release|Any CPU
	EndGlobalSection
	GlobalSection(ProjectConfigurationPlatforms) = postSolution
		{852EDCD0-DFD7-4397-B3E2-53A8E3C1D8AF}.Debug|Any CPU.ActiveCfg = Debug|Any CPU
		{852EDCD0-DFD7-4397-B3E2-53A8E3C1D8AF}.Debug|Any CPU.Build.0 = Debug|Any CPU
		{852EDCD0-DFD7-4397-B3E2-53A8E3C1D8AF}.Release|Any CPU.ActiveCfg = Release|Any CPU
		{852EDCD0-DFD7-4397-B3E2-53A8E3C1D8AF}.Release|Any CPU.Build.0 = Release|Any CPU
		{98DC9FB0-1D20-473A-B544-EF6A036A04B9}.Debug|Any CPU.ActiveCfg = Debug|Any CPU
		{98DC9FB0-1D20-473A-B544-EF6A036A04B9}.Debug|Any CPU.Build.0 = Debug|Any CPU
		{98DC9FB0-1D20-473A-B544-EF6A036A04B9}.Release|Any CPU.ActiveCfg = Release|Any CPU
		{98DC9FB0-1D20-473A-B544-EF6A036A04B9}.Release|Any CPU.Build.0 = Release|Any CPU
	EndGlobalSection
	GlobalSection(SolutionProperties) = preSolution
		HideSolutionNode = FALSE
	EndGlobalSection
	GlobalSection(ExtensibilityGlobals) = postSolution
		SolutionGuid = {68942BB8-96CA-43E2-96E7-6298A59ADDB0}
	EndGlobalSection
EndGlobal
