
Microsoft Visual Studio Solution File, Format Version 12.00
# Visual Studio Version 17
VisualStudioVersion = 17.0.31903.59
MinimumVisualStudioVersion = 10.0.40219.1
Project("{FAE04EC0-301F-11D3-BF4B-00C04F79EFBC}") = "ProdOfArrExceptSelf", "ProdOfArrExceptSelf\ProdOfArrExceptSelf.csproj", "{AB97B76E-5E0B-4CC8-A641-7587F37615FF}"
EndProject
Project("{FAE04EC0-301F-11D3-BF4B-00C04F79EFBC}") = "ProdOfArrExceptSelf.Tests", "ProdOfArrExceptSelf.Tests\ProdOfArrExceptSelf.Tests.csproj", "{C2FFF019-CB20-4611-9FF9-CC25A4CA76A0}"
EndProject
Global
	GlobalSection(SolutionConfigurationPlatforms) = preSolution
		Debug|Any CPU = Debug|Any CPU
		Release|Any CPU = Release|Any CPU
	EndGlobalSection
	GlobalSection(ProjectConfigurationPlatforms) = postSolution
		{AB97B76E-5E0B-4CC8-A641-7587F37615FF}.Debug|Any CPU.ActiveCfg = Debug|Any CPU
		{AB97B76E-5E0B-4CC8-A641-7587F37615FF}.Debug|Any CPU.Build.0 = Debug|Any CPU
		{AB97B76E-5E0B-4CC8-A641-7587F37615FF}.Release|Any CPU.ActiveCfg = Release|Any CPU
		{AB97B76E-5E0B-4CC8-A641-7587F37615FF}.Release|Any CPU.Build.0 = Release|Any CPU
		{C2FFF019-CB20-4611-9FF9-CC25A4CA76A0}.Debug|Any CPU.ActiveCfg = Debug|Any CPU
		{C2FFF019-CB20-4611-9FF9-CC25A4CA76A0}.Debug|Any CPU.Build.0 = Debug|Any CPU
		{C2FFF019-CB20-4611-9FF9-CC25A4CA76A0}.Release|Any CPU.ActiveCfg = Release|Any CPU
		{C2FFF019-CB20-4611-9FF9-CC25A4CA76A0}.Release|Any CPU.Build.0 = Release|Any CPU
	EndGlobalSection
	GlobalSection(SolutionProperties) = preSolution
		HideSolutionNode = FALSE
	EndGlobalSection
	GlobalSection(ExtensibilityGlobals) = postSolution
		SolutionGuid = {8B786ED8-A17F-4C0C-9B84-6F95B2EF7B84}
	EndGlobalSection
EndGlobal
