
Microsoft Visual Studio Solution File, Format Version 12.00
# Visual Studio 15
VisualStudioVersion = 15.0.27703.2026
MinimumVisualStudioVersion = 10.0.40219.1
Project("{FAE04EC0-301F-11D3-BF4B-00C04F79EFBC}") = "FindPublicHolidayProject", "FindPublicHolidayProject\FindPublicHolidayProject.csproj", "{2C0B035D-26E8-4F57-9215-0E0F50372913}"
EndProject
Project("{FAE04EC0-301F-11D3-BF4B-00C04F79EFBC}") = "FindPublicHolidayTestProject", "FindPublicHolidayTest\FindPublicHolidayTestProject.csproj", "{C8C27E52-7D6A-413B-A091-A84B2B5D659C}"
EndProject
Global
	GlobalSection(SolutionConfigurationPlatforms) = preSolution
		Debug|Any CPU = Debug|Any CPU
		Release|Any CPU = Release|Any CPU
	EndGlobalSection
	GlobalSection(ProjectConfigurationPlatforms) = postSolution
		{2C0B035D-26E8-4F57-9215-0E0F50372913}.Debug|Any CPU.ActiveCfg = Debug|Any CPU
		{2C0B035D-26E8-4F57-9215-0E0F50372913}.Debug|Any CPU.Build.0 = Debug|Any CPU
		{2C0B035D-26E8-4F57-9215-0E0F50372913}.Release|Any CPU.ActiveCfg = Release|Any CPU
		{2C0B035D-26E8-4F57-9215-0E0F50372913}.Release|Any CPU.Build.0 = Release|Any CPU
		{C8C27E52-7D6A-413B-A091-A84B2B5D659C}.Debug|Any CPU.ActiveCfg = Debug|Any CPU
		{C8C27E52-7D6A-413B-A091-A84B2B5D659C}.Debug|Any CPU.Build.0 = Debug|Any CPU
		{C8C27E52-7D6A-413B-A091-A84B2B5D659C}.Release|Any CPU.ActiveCfg = Release|Any CPU
		{C8C27E52-7D6A-413B-A091-A84B2B5D659C}.Release|Any CPU.Build.0 = Release|Any CPU
	EndGlobalSection
	GlobalSection(SolutionProperties) = preSolution
		HideSolutionNode = FALSE
	EndGlobalSection
	GlobalSection(ExtensibilityGlobals) = postSolution
		SolutionGuid = {AC082E92-1814-40AA-8F5F-59D05D437AEA}
	EndGlobalSection
EndGlobal
