
Microsoft Visual Studio Solution File, Format Version 12.00
# Visual Studio Version 17
VisualStudioVersion = 17.0.31903.59
MinimumVisualStudioVersion = 10.0.40219.1
Project("{FAE04EC0-301F-11D3-BF4B-00C04F79EFBC}") = "UniqueString", "UniqueString\UniqueString.csproj", "{4AC16280-9A75-4DFE-9EF9-BFEB8F3E8CB5}"
EndProject
Project("{FAE04EC0-301F-11D3-BF4B-00C04F79EFBC}") = "UniqueString.Tests", "UniqueString.Tests\UniqueString.Tests.csproj", "{F7FBA90B-A0E0-4540-BE3C-3B06AFE537DB}"
EndProject
Global
	GlobalSection(SolutionConfigurationPlatforms) = preSolution
		Debug|Any CPU = Debug|Any CPU
		Release|Any CPU = Release|Any CPU
	EndGlobalSection
	GlobalSection(ProjectConfigurationPlatforms) = postSolution
		{4AC16280-9A75-4DFE-9EF9-BFEB8F3E8CB5}.Debug|Any CPU.ActiveCfg = Debug|Any CPU
		{4AC16280-9A75-4DFE-9EF9-BFEB8F3E8CB5}.Debug|Any CPU.Build.0 = Debug|Any CPU
		{4AC16280-9A75-4DFE-9EF9-BFEB8F3E8CB5}.Release|Any CPU.ActiveCfg = Release|Any CPU
		{4AC16280-9A75-4DFE-9EF9-BFEB8F3E8CB5}.Release|Any CPU.Build.0 = Release|Any CPU
		{F7FBA90B-A0E0-4540-BE3C-3B06AFE537DB}.Debug|Any CPU.ActiveCfg = Debug|Any CPU
		{F7FBA90B-A0E0-4540-BE3C-3B06AFE537DB}.Debug|Any CPU.Build.0 = Debug|Any CPU
		{F7FBA90B-A0E0-4540-BE3C-3B06AFE537DB}.Release|Any CPU.ActiveCfg = Release|Any CPU
		{F7FBA90B-A0E0-4540-BE3C-3B06AFE537DB}.Release|Any CPU.Build.0 = Release|Any CPU
	EndGlobalSection
	GlobalSection(SolutionProperties) = preSolution
		HideSolutionNode = FALSE
	EndGlobalSection
	GlobalSection(ExtensibilityGlobals) = postSolution
		SolutionGuid = {4D95C88A-CC81-4DF6-9F37-D7253A9CC5D5}
	EndGlobalSection
EndGlobal
