
Microsoft Visual Studio Solution File, Format Version 12.00
# Visual Studio Version 17
VisualStudioVersion = 17.0.31912.275
MinimumVisualStudioVersion = 10.0.40219.1
Project("{FAE04EC0-301F-11D3-BF4B-00C04F79EFBC}") = "TwoSum", "TwoSum\TwoSum.csproj", "{DA967DC1-6319-4B36-8420-5613CA33673B}"
EndProject
Project("{FAE04EC0-301F-11D3-BF4B-00C04F79EFBC}") = "TwoSum.Tests", "TwoSum.Tests\TwoSum.Tests.csproj", "{D7194AAB-318C-4E94-80FC-A61451B32A67}"
EndProject
Global
	GlobalSection(SolutionConfigurationPlatforms) = preSolution
		Debug|Any CPU = Debug|Any CPU
		Release|Any CPU = Release|Any CPU
	EndGlobalSection
	GlobalSection(ProjectConfigurationPlatforms) = postSolution
		{DA967DC1-6319-4B36-8420-5613CA33673B}.Debug|Any CPU.ActiveCfg = Debug|Any CPU
		{DA967DC1-6319-4B36-8420-5613CA33673B}.Debug|Any CPU.Build.0 = Debug|Any CPU
		{DA967DC1-6319-4B36-8420-5613CA33673B}.Release|Any CPU.ActiveCfg = Release|Any CPU
		{DA967DC1-6319-4B36-8420-5613CA33673B}.Release|Any CPU.Build.0 = Release|Any CPU
		{D7194AAB-318C-4E94-80FC-A61451B32A67}.Debug|Any CPU.ActiveCfg = Debug|Any CPU
		{D7194AAB-318C-4E94-80FC-A61451B32A67}.Debug|Any CPU.Build.0 = Debug|Any CPU
		{D7194AAB-318C-4E94-80FC-A61451B32A67}.Release|Any CPU.ActiveCfg = Release|Any CPU
		{D7194AAB-318C-4E94-80FC-A61451B32A67}.Release|Any CPU.Build.0 = Release|Any CPU
	EndGlobalSection
	GlobalSection(SolutionProperties) = preSolution
		HideSolutionNode = FALSE
	EndGlobalSection
	GlobalSection(ExtensibilityGlobals) = postSolution
		SolutionGuid = {1B218C7F-5BEF-4885-9FEA-08C437951C3B}
	EndGlobalSection
EndGlobal
