
Microsoft Visual Studio Solution File, Format Version 12.00
# Visual Studio 15
VisualStudioVersion = 15.0.27703.2026
MinimumVisualStudioVersion = 10.0.40219.1
Project("{FAE04EC0-301F-11D3-BF4B-00C04F79EFBC}") = "ChangeReturnExample", "ChangeReturnExample\ChangeReturnExample.csproj", "{32A95742-B131-4E95-AAC3-55A3113CA036}"
EndProject
Project("{FAE04EC0-301F-11D3-BF4B-00C04F79EFBC}") = "Tests", "Tests\Tests.csproj", "{611F021E-6F24-4741-8964-E42E8847B8C9}"
EndProject
Global
	GlobalSection(SolutionConfigurationPlatforms) = preSolution
		Debug|Any CPU = Debug|Any CPU
		Release|Any CPU = Release|Any CPU
	EndGlobalSection
	GlobalSection(ProjectConfigurationPlatforms) = postSolution
		{32A95742-B131-4E95-AAC3-55A3113CA036}.Debug|Any CPU.ActiveCfg = Debug|Any CPU
		{32A95742-B131-4E95-AAC3-55A3113CA036}.Debug|Any CPU.Build.0 = Debug|Any CPU
		{32A95742-B131-4E95-AAC3-55A3113CA036}.Release|Any CPU.ActiveCfg = Release|Any CPU
		{32A95742-B131-4E95-AAC3-55A3113CA036}.Release|Any CPU.Build.0 = Release|Any CPU
		{611F021E-6F24-4741-8964-E42E8847B8C9}.Debug|Any CPU.ActiveCfg = Debug|Any CPU
		{611F021E-6F24-4741-8964-E42E8847B8C9}.Debug|Any CPU.Build.0 = Debug|Any CPU
		{611F021E-6F24-4741-8964-E42E8847B8C9}.Release|Any CPU.ActiveCfg = Release|Any CPU
		{611F021E-6F24-4741-8964-E42E8847B8C9}.Release|Any CPU.Build.0 = Release|Any CPU
	EndGlobalSection
	GlobalSection(SolutionProperties) = preSolution
		HideSolutionNode = FALSE
	EndGlobalSection
	GlobalSection(ExtensibilityGlobals) = postSolution
		SolutionGuid = {340963B7-7677-4E51-9CE6-3C123F55C8D1}
	EndGlobalSection
EndGlobal
