
Microsoft Visual Studio Solution File, Format Version 12.00
# Visual Studio Version 17
VisualStudioVersion = 17.0.31919.166
MinimumVisualStudioVersion = 10.0.40219.1
Project("{FAE04EC0-301F-11D3-BF4B-00C04F79EFBC}") = "SortedSquaredArray", "SortedSquaredArray\SortedSquaredArray.csproj", "{F4B42605-2B4F-4261-B76F-2A057EB73F9D}"
EndProject
Project("{FAE04EC0-301F-11D3-BF4B-00C04F79EFBC}") = "SortedSquaredArray.Tests", "SortedSquaredArray.Tests\SortedSquaredArray.Tests.csproj", "{7283DF0A-7D6F-4E28-ACFE-C2EE572560CE}"
EndProject
Global
	GlobalSection(SolutionConfigurationPlatforms) = preSolution
		Debug|Any CPU = Debug|Any CPU
		Release|Any CPU = Release|Any CPU
	EndGlobalSection
	GlobalSection(ProjectConfigurationPlatforms) = postSolution
		{F4B42605-2B4F-4261-B76F-2A057EB73F9D}.Debug|Any CPU.ActiveCfg = Debug|Any CPU
		{F4B42605-2B4F-4261-B76F-2A057EB73F9D}.Debug|Any CPU.Build.0 = Debug|Any CPU
		{F4B42605-2B4F-4261-B76F-2A057EB73F9D}.Release|Any CPU.ActiveCfg = Release|Any CPU
		{F4B42605-2B4F-4261-B76F-2A057EB73F9D}.Release|Any CPU.Build.0 = Release|Any CPU
		{7283DF0A-7D6F-4E28-ACFE-C2EE572560CE}.Debug|Any CPU.ActiveCfg = Debug|Any CPU
		{7283DF0A-7D6F-4E28-ACFE-C2EE572560CE}.Debug|Any CPU.Build.0 = Debug|Any CPU
		{7283DF0A-7D6F-4E28-ACFE-C2EE572560CE}.Release|Any CPU.ActiveCfg = Release|Any CPU
		{7283DF0A-7D6F-4E28-ACFE-C2EE572560CE}.Release|Any CPU.Build.0 = Release|Any CPU
	EndGlobalSection
	GlobalSection(SolutionProperties) = preSolution
		HideSolutionNode = FALSE
	EndGlobalSection
	GlobalSection(ExtensibilityGlobals) = postSolution
		SolutionGuid = {1AF422F5-29AE-477A-9E01-C1854220DE04}
	EndGlobalSection
EndGlobal
